// !$*UTF8*$!
{
	archiveVersion = 1;
	classes = {
	};
	objectVersion = 46;
	objects = {

/* Begin PBXBuildFile section */
		345DF1991C12D2F500208D40 /* AppDelegate.swift in Sources */ = {isa = PBXBuildFile; fileRef = 345DF1981C12D2F500208D40 /* AppDelegate.swift */; };
		345DF19B1C12D2F500208D40 /* ViewController.swift in Sources */ = {isa = PBXBuildFile; fileRef = 345DF19A1C12D2F500208D40 /* ViewController.swift */; };
		345DF1A01C12D2F500208D40 /* Assets.xcassets in Resources */ = {isa = PBXBuildFile; fileRef = 345DF19F1C12D2F500208D40 /* Assets.xcassets */; };
		345DF1A31C12D2F500208D40 /* LaunchScreen.storyboard in Resources */ = {isa = PBXBuildFile; fileRef = 345DF1A11C12D2F500208D40 /* LaunchScreen.storyboard */; };
		345DF1AE1C12D2F500208D40 /* todostreamTests.swift in Sources */ = {isa = PBXBuildFile; fileRef = 345DF1AD1C12D2F500208D40 /* todostreamTests.swift */; };
/* End PBXBuildFile section */

/* Begin PBXContainerItemProxy section */
		345DF1AA1C12D2F500208D40 /* PBXContainerItemProxy */ = {
			isa = PBXContainerItemProxy;
			containerPortal = 345DF18D1C12D2F500208D40 /* Project object */;
			proxyType = 1;
			remoteGlobalIDString = 345DF1941C12D2F500208D40;
			remoteInfo = todostream;
		};
/* End PBXContainerItemProxy section */

/* Begin PBXFileReference section */
		345DF1951C12D2F500208D40 /* todostream.app */ = {isa = PBXFileReference; explicitFileType = wrapper.application; includeInIndex = 0; path = todostream.app; sourceTree = BUILT_PRODUCTS_DIR; };
		345DF1981C12D2F500208D40 /* AppDelegate.swift */ = {isa = PBXFileReference; lastKnownFileType = sourcecode.swift; path = AppDelegate.swift; sourceTree = "<group>"; };
		345DF19A1C12D2F500208D40 /* ViewController.swift */ = {isa = PBXFileReference; lastKnownFileType = sourcecode.swift; path = ViewController.swift; sourceTree = "<group>"; };
		345DF19F1C12D2F500208D40 /* Assets.xcassets */ = {isa = PBXFileReference; lastKnownFileType = folder.assetcatalog; path = Assets.xcassets; sourceTree = "<group>"; };
		345DF1A21C12D2F500208D40 /* Base */ = {isa = PBXFileReference; lastKnownFileType = file.storyboard; name = Base; path = Base.lproj/LaunchScreen.storyboard; sourceTree = "<group>"; };
		345DF1A41C12D2F500208D40 /* Info.plist */ = {isa = PBXFileReference; lastKnownFileType = text.plist.xml; path = Info.plist; sourceTree = "<group>"; };
		345DF1A91C12D2F500208D40 /* todostreamTests.xctest */ = {isa = PBXFileReference; explicitFileType = wrapper.cfbundle; includeInIndex = 0; path = todostreamTests.xctest; sourceTree = BUILT_PRODUCTS_DIR; };
		345DF1AD1C12D2F500208D40 /* todostreamTests.swift */ = {isa = PBXFileReference; lastKnownFileType = sourcecode.swift; path = todostreamTests.swift; sourceTree = "<group>"; };
		345DF1AF1C12D2F500208D40 /* Info.plist */ = {isa = PBXFileReference; lastKnownFileType = text.plist.xml; path = Info.plist; sourceTree = "<group>"; };
/* End PBXFileReference section */

/* Begin PBXFrameworksBuildPhase section */
		345DF1921C12D2F500208D40 /* Frameworks */ = {
			isa = PBXFrameworksBuildPhase;
			buildActionMask = 2147483647;
			files = (
			);
			runOnlyForDeploymentPostprocessing = 0;
		};
		345DF1A61C12D2F500208D40 /* Frameworks */ = {
			isa = PBXFrameworksBuildPhase;
			buildActionMask = 2147483647;
			files = (
			);
			runOnlyForDeploymentPostprocessing = 0;
		};
/* End PBXFrameworksBuildPhase section */

/* Begin PBXGroup section */
		345DF18C1C12D2F500208D40 = {
			isa = PBXGroup;
			children = (
				345DF1971C12D2F500208D40 /* todostream */,
				345DF1AC1C12D2F500208D40 /* todostreamTests */,
				345DF1961C12D2F500208D40 /* Products */,
			);
			sourceTree = "<group>";
		};
		345DF1961C12D2F500208D40 /* Products */ = {
			isa = PBXGroup;
			children = (
				345DF1951C12D2F500208D40 /* todostream.app */,
				345DF1A91C12D2F500208D40 /* todostreamTests.xctest */,
			);
			name = Products;
			sourceTree = "<group>";
		};
		345DF1971C12D2F500208D40 /* todostream */ = {
			isa = PBXGroup;
			children = (
				345DF1981C12D2F500208D40 /* AppDelegate.swift */,
				345DF19A1C12D2F500208D40 /* ViewController.swift */,
				345DF19F1C12D2F500208D40 /* Assets.xcassets */,
				345DF1A11C12D2F500208D40 /* LaunchScreen.storyboard */,
				345DF1A41C12D2F500208D40 /* Info.plist */,
			);
			path = todostream;
			sourceTree = "<group>";
		};
		345DF1AC1C12D2F500208D40 /* todostreamTests */ = {
			isa = PBXGroup;
			children = (
				345DF1AD1C12D2F500208D40 /* todostreamTests.swift */,
				345DF1AF1C12D2F500208D40 /* Info.plist */,
			);
			path = todostreamTests;
			sourceTree = "<group>";
		};
/* End PBXGroup section */

/* Begin PBXNativeTarget section */
		345DF1941C12D2F500208D40 /* todostream */ = {
			isa = PBXNativeTarget;
			buildConfigurationList = 345DF1B21C12D2F500208D40 /* Build configuration list for PBXNativeTarget "todostream" */;
			buildPhases = (
				345DF1911C12D2F500208D40 /* Sources */,
				345DF1921C12D2F500208D40 /* Frameworks */,
				345DF1931C12D2F500208D40 /* Resources */,
			);
			buildRules = (
			);
			dependencies = (
			);
			name = todostream;
			productName = todostream;
			productReference = 345DF1951C12D2F500208D40 /* todostream.app */;
			productType = "com.apple.product-type.application";
		};
		345DF1A81C12D2F500208D40 /* todostreamTests */ = {
			isa = PBXNativeTarget;
			buildConfigurationList = 345DF1B51C12D2F500208D40 /* Build configuration list for PBXNativeTarget "todostreamTests" */;
			buildPhases = (
				345DF1A51C12D2F500208D40 /* Sources */,
				345DF1A61C12D2F500208D40 /* Frameworks */,
				345DF1A71C12D2F500208D40 /* Resources */,
			);
			buildRules = (
			);
			dependencies = (
				345DF1AB1C12D2F500208D40 /* PBXTargetDependency */,
			);
			name = todostreamTests;
			productName = todostreamTests;
			productReference = 345DF1A91C12D2F500208D40 /* todostreamTests.xctest */;
			productType = "com.apple.product-type.bundle.unit-test";
		};
/* End PBXNativeTarget section */

/* Begin PBXProject section */
		345DF18D1C12D2F500208D40 /* Project object */ = {
			isa = PBXProject;
			attributes = {
				LastSwiftUpdateCheck = 0710;
				LastUpgradeCheck = 0710;
				ORGANIZATIONNAME = twocentstudios;
				TargetAttributes = {
					345DF1941C12D2F500208D40 = {
						CreatedOnToolsVersion = 7.1.1;
					};
					345DF1A81C12D2F500208D40 = {
						CreatedOnToolsVersion = 7.1.1;
						TestTargetID = 345DF1941C12D2F500208D40;
					};
				};
			};
			buildConfigurationList = 345DF1901C12D2F500208D40 /* Build configuration list for PBXProject "todostream" */;
			compatibilityVersion = "Xcode 3.2";
			developmentRegion = English;
			hasScannedForEncodings = 0;
			knownRegions = (
				en,
				Base,
			);
			mainGroup = 345DF18C1C12D2F500208D40;
			productRefGroup = 345DF1961C12D2F500208D40 /* Products */;
			projectDirPath = "";
			projectRoot = "";
			targets = (
				345DF1941C12D2F500208D40 /* todostream */,
				345DF1A81C12D2F500208D40 /* todostreamTests */,
			);
		};
/* End PBXProject section */

/* Begin PBXResourcesBuildPhase section */
		345DF1931C12D2F500208D40 /* Resources */ = {
			isa = PBXResourcesBuildPhase;
			buildActionMask = 2147483647;
			files = (
				345DF1A31C12D2F500208D40 /* LaunchScreen.storyboard in Resources */,
				345DF1A01C12D2F500208D40 /* Assets.xcassets in Resources */,
			);
			runOnlyForDeploymentPostprocessing = 0;
		};
		345DF1A71C12D2F500208D40 /* Resources */ = {
			isa = PBXResourcesBuildPhase;
			buildActionMask = 2147483647;
			files = (
			);
			runOnlyForDeploymentPostprocessing = 0;
		};
/* End PBXResourcesBuildPhase section */

/* Begin PBXSourcesBuildPhase section */
		345DF1911C12D2F500208D40 /* Sources */ = {
			isa = PBXSourcesBuildPhase;
			buildActionMask = 2147483647;
			files = (
				345DF19B1C12D2F500208D40 /* ViewController.swift in Sources */,
				345DF1991C12D2F500208D40 /* AppDelegate.swift in Sources */,
			);
			runOnlyForDeploymentPostprocessing = 0;
		};
		345DF1A51C12D2F500208D40 /* Sources */ = {
			isa = PBXSourcesBuildPhase;
			buildActionMask = 2147483647;
			files = (
				345DF1AE1C12D2F500208D40 /* todostreamTests.swift in Sources */,
			);
			runOnlyForDeploymentPostprocessing = 0;
		};
/* End PBXSourcesBuildPhase section */

/* Begin PBXTargetDependency section */
		345DF1AB1C12D2F500208D40 /* PBXTargetDependency */ = {
			isa = PBXTargetDependency;
			target = 345DF1941C12D2F500208D40 /* todostream */;
			targetProxy = 345DF1AA1C12D2F500208D40 /* PBXContainerItemProxy */;
		};
/* End PBXTargetDependency section */

/* Begin PBXVariantGroup section */
		345DF1A11C12D2F500208D40 /* LaunchScreen.storyboard */ = {
			isa = PBXVariantGroup;
			children = (
				345DF1A21C12D2F500208D40 /* Base */,
			);
			name = LaunchScreen.storyboard;
			sourceTree = "<group>";
		};
/* End PBXVariantGroup section */

/* Begin XCBuildConfiguration section */
		345DF1B01C12D2F500208D40 /* Debug */ = {
			isa = XCBuildConfiguration;
			buildSettings = {
				ALWAYS_SEARCH_USER_PATHS = NO;
				CLANG_CXX_LANGUAGE_STANDARD = "gnu++0x";
				CLANG_CXX_LIBRARY = "libc++";
				CLANG_ENABLE_MODULES = YES;
				CLANG_ENABLE_OBJC_ARC = YES;
				CLANG_WARN_BOOL_CONVERSION = YES;
				CLANG_WARN_CONSTANT_CONVERSION = YES;
				CLANG_WARN_DIRECT_OBJC_ISA_USAGE = YES_ERROR;
				CLANG_WARN_EMPTY_BODY = YES;
				CLANG_WARN_ENUM_CONVERSION = YES;
				CLANG_WARN_INT_CONVERSION = YES;
				CLANG_WARN_OBJC_ROOT_CLASS = YES_ERROR;
				CLANG_WARN_UNREACHABLE_CODE = YES;
				CLANG_WARN__DUPLICATE_METHOD_MATCH = YES;
				"CODE_SIGN_IDENTITY[sdk=iphoneos*]" = "iPhone Developer";
				COPY_PHASE_STRIP = NO;
				DEBUG_INFORMATION_FORMAT = dwarf;
				ENABLE_STRICT_OBJC_MSGSEND = YES;
				ENABLE_TESTABILITY = YES;
				GCC_C_LANGUAGE_STANDARD = gnu99;
				GCC_DYNAMIC_NO_PIC = NO;
				GCC_NO_COMMON_BLOCKS = YES;
				GCC_OPTIMIZATION_LEVEL = 0;
				GCC_PREPROCESSOR_DEFINITIONS = (
					"DEBUG=1",
					"$(inherited)",
				);
				GCC_WARN_64_TO_32_BIT_CONVERSION = YES;
				GCC_WARN_ABOUT_RETURN_TYPE = YES_ERROR;
				GCC_WARN_UNDECLARED_SELECTOR = YES;
				GCC_WARN_UNINITIALIZED_AUTOS = YES_AGGRESSIVE;
				GCC_WARN_UNUSED_FUNCTION = YES;
				GCC_WARN_UNUSED_VARIABLE = YES;
				IPHONEOS_DEPLOYMENT_TARGET = 9.1;
				MTL_ENABLE_DEBUG_INFO = YES;
				ONLY_ACTIVE_ARCH = YES;
				SDKROOT = iphoneos;
				SWIFT_OPTIMIZATION_LEVEL = "-Onone";
				TARGETED_DEVICE_FAMILY = "1,2";
			};
			name = Debug;
		};
		345DF1B11C12D2F500208D40 /* Release */ = {
			isa = XCBuildConfiguration;
			buildSettings = {
				ALWAYS_SEARCH_USER_PATHS = NO;
				CLANG_CXX_LANGUAGE_STANDARD = "gnu++0x";
				CLANG_CXX_LIBRARY = "libc++";
				CLANG_ENABLE_MODULES = YES;
				CLANG_ENABLE_OBJC_ARC = YES;
				CLANG_WARN_BOOL_CONVERSION = YES;
				CLANG_WARN_CONSTANT_CONVERSION = YES;
				CLANG_WARN_DIRECT_OBJC_ISA_USAGE = YES_ERROR;
				CLANG_WARN_EMPTY_BODY = YES;
				CLANG_WARN_ENUM_CONVERSION = YES;
				CLANG_WARN_INT_CONVERSION = YES;
				CLANG_WARN_OBJC_ROOT_CLASS = YES_ERROR;
				CLANG_WARN_UNREACHABLE_CODE = YES;
				CLANG_WARN__DUPLICATE_METHOD_MATCH = YES;
				"CODE_SIGN_IDENTITY[sdk=iphoneos*]" = "iPhone Developer";
				COPY_PHASE_STRIP = NO;
				DEBUG_INFORMATION_FORMAT = "dwarf-with-dsym";
				ENABLE_NS_ASSERTIONS = NO;
				ENABLE_STRICT_OBJC_MSGSEND = YES;
				GCC_C_LANGUAGE_STANDARD = gnu99;
				GCC_NO_COMMON_BLOCKS = YES;
				GCC_WARN_64_TO_32_BIT_CONVERSION = YES;
				GCC_WARN_ABOUT_RETURN_TYPE = YES_ERROR;
				GCC_WARN_UNDECLARED_SELECTOR = YES;
				GCC_WARN_UNINITIALIZED_AUTOS = YES_AGGRESSIVE;
				GCC_WARN_UNUSED_FUNCTION = YES;
				GCC_WARN_UNUSED_VARIABLE = YES;
				IPHONEOS_DEPLOYMENT_TARGET = 9.1;
				MTL_ENABLE_DEBUG_INFO = NO;
				SDKROOT = iphoneos;
				TARGETED_DEVICE_FAMILY = "1,2";
				VALIDATE_PRODUCT = YES;
			};
			name = Release;
		};
		345DF1B31C12D2F500208D40 /* Debug */ = {
			isa = XCBuildConfiguration;
			buildSettings = {
				ASSETCATALOG_COMPILER_APPICON_NAME = AppIcon;
				INFOPLIST_FILE = todostream/Info.plist;
				LD_RUNPATH_SEARCH_PATHS = "$(inherited) @executable_path/Frameworks";
				PRODUCT_BUNDLE_IDENTIFIER = com.twocentstudios.todostream;
				PRODUCT_NAME = "$(TARGET_NAME)";
			};
			name = Debug;
		};
		345DF1B41C12D2F500208D40 /* Release */ = {
			isa = XCBuildConfiguration;
			buildSettings = {
				ASSETCATALOG_COMPILER_APPICON_NAME = AppIcon;
				INFOPLIST_FILE = todostream/Info.plist;
				LD_RUNPATH_SEARCH_PATHS = "$(inherited) @executable_path/Frameworks";
				PRODUCT_BUNDLE_IDENTIFIER = com.twocentstudios.todostream;
				PRODUCT_NAME = "$(TARGET_NAME)";
			};
			name = Release;
		};
		345DF1B61C12D2F500208D40 /* Debug */ = {
			isa = XCBuildConfiguration;
			buildSettings = {
				BUNDLE_LOADER = "$(TEST_HOST)";
				INFOPLIST_FILE = todostreamTests/Info.plist;
				LD_RUNPATH_SEARCH_PATHS = "$(inherited) @executable_path/Frameworks @loader_path/Frameworks";
				PRODUCT_BUNDLE_IDENTIFIER = com.twocentstudios.todostreamTests;
				PRODUCT_NAME = "$(TARGET_NAME)";
				TEST_HOST = "$(BUILT_PRODUCTS_DIR)/todostream.app/todostream";
			};
			name = Debug;
		};
		345DF1B71C12D2F500208D40 /* Release */ = {
			isa = XCBuildConfiguration;
			buildSettings = {
				BUNDLE_LOADER = "$(TEST_HOST)";
				INFOPLIST_FILE = todostreamTests/Info.plist;
				LD_RUNPATH_SEARCH_PATHS = "$(inherited) @executable_path/Frameworks @loader_path/Frameworks";
				PRODUCT_BUNDLE_IDENTIFIER = com.twocentstudios.todostreamTests;
				PRODUCT_NAME = "$(TARGET_NAME)";
				TEST_HOST = "$(BUILT_PRODUCTS_DIR)/todostream.app/todostream";
			};
			name = Release;
		};
/* End XCBuildConfiguration section */

/* Begin XCConfigurationList section */
		345DF1901C12D2F500208D40 /* Build configuration list for PBXProject "todostream" */ = {
			isa = XCConfigurationList;
			buildConfigurations = (
				345DF1B01C12D2F500208D40 /* Debug */,
				345DF1B11C12D2F500208D40 /* Release */,
			);
			defaultConfigurationIsVisible = 0;
			defaultConfigurationName = Release;
		};
		345DF1B21C12D2F500208D40 /* Build configuration list for PBXNativeTarget "todostream" */ = {
			isa = XCConfigurationList;
			buildConfigurations = (
				345DF1B31C12D2F500208D40 /* Debug */,
				345DF1B41C12D2F500208D40 /* Release */,
			);
			defaultConfigurationIsVisible = 0;
		};
		345DF1B51C12D2F500208D40 /* Build configuration list for PBXNativeTarget "todostreamTests" */ = {
			isa = XCConfigurationList;
			buildConfigurations = (
				345DF1B61C12D2F500208D40 /* Debug */,
				345DF1B71C12D2F500208D40 /* Release */,
			);
			defaultConfigurationIsVisible = 0;
		};
/* End XCConfigurationList section */
	};
	rootObject = 345DF18D1C12D2F500208D40 /* Project object */;
}
